
Microsoft Visual Studio Solution File, Format Version 12.00
Project("{FAE04EC0-301F-11D3-BF4B-00C04F79EFBC}") = "CompanyCrawler.Console", "CompanyCrawler.Console\CompanyCrawler.Console.csproj", "{14909A4C-377F-4278-A761-EFDBCBAC0995}"
EndProject
Project("{FAE04EC0-301F-11D3-BF4B-00C04F79EFBC}") = "CompanyCrawler.Core", "CompanyCrawler.Core\CompanyCrawler.Core.csproj", "{50B5C18C-A838-4655-AE66-EA270A643A85}"
EndProject
Global
	GlobalSection(SolutionConfigurationPlatforms) = preSolution
		Debug|Any CPU = Debug|Any CPU
		Release|Any CPU = Release|Any CPU
	EndGlobalSection
	GlobalSection(ProjectConfigurationPlatforms) = postSolution
		{14909A4C-377F-4278-A761-EFDBCBAC0995}.Debug|Any CPU.ActiveCfg = Debug|Any CPU
		{14909A4C-377F-4278-A761-EFDBCBAC0995}.Debug|Any CPU.Build.0 = Debug|Any CPU
		{14909A4C-377F-4278-A761-EFDBCBAC0995}.Release|Any CPU.ActiveCfg = Release|Any CPU
		{14909A4C-377F-4278-A761-EFDBCBAC0995}.Release|Any CPU.Build.0 = Release|Any CPU
		{50B5C18C-A838-4655-AE66-EA270A643A85}.Debug|Any CPU.ActiveCfg = Debug|Any CPU
		{50B5C18C-A838-4655-AE66-EA270A643A85}.Debug|Any CPU.Build.0 = Debug|Any CPU
		{50B5C18C-A838-4655-AE66-EA270A643A85}.Release|Any CPU.ActiveCfg = Release|Any CPU
		{50B5C18C-A838-4655-AE66-EA270A643A85}.Release|Any CPU.Build.0 = Release|Any CPU
	EndGlobalSection
EndGlobal
